
Microsoft Visual Studio Solution File, Format Version 12.00
# Visual Studio 15
VisualStudioVersion = 15.0.27703.2026
MinimumVisualStudioVersion = 10.0.40219.1
Project("{FAE04EC0-301F-11D3-BF4B-00C04F79EFBC}") = "HOTEL", "HOTEL\HOTEL.csproj", "{8F88A06A-E128-4EFD-9BB5-E8FD7AFC0120}"
EndProject
Global
	GlobalSection(SolutionConfigurationPlatforms) = preSolution
		Debug|Any CPU = Debug|Any CPU
		Release|Any CPU = Release|Any CPU
	EndGlobalSection
	GlobalSection(ProjectConfigurationPlatforms) = postSolution
		{8F88A06A-E128-4EFD-9BB5-E8FD7AFC0120}.Debug|Any CPU.ActiveCfg = Debug|Any CPU
		{8F88A06A-E128-4EFD-9BB5-E8FD7AFC0120}.Debug|Any CPU.Build.0 = Debug|Any CPU
		{8F88A06A-E128-4EFD-9BB5-E8FD7AFC0120}.Release|Any CPU.ActiveCfg = Release|Any CPU
		{8F88A06A-E128-4EFD-9BB5-E8FD7AFC0120}.Release|Any CPU.Build.0 = Release|Any CPU
	EndGlobalSection
	GlobalSection(SolutionProperties) = preSolution
		HideSolutionNode = FALSE
	EndGlobalSection
	GlobalSection(ExtensibilityGlobals) = postSolution
		SolutionGuid = {D2DBB53B-7F43-4487-B103-94E726A54D1B}
	EndGlobalSection
EndGlobal
