
Microsoft Visual Studio Solution File, Format Version 12.00
# Visual Studio 15
VisualStudioVersion = 15.0.27703.2026
MinimumVisualStudioVersion = 10.0.40219.1
Project("{FAE04EC0-301F-11D3-BF4B-00C04F79EFBC}") = "HOTEL", "HOTEL\HOTEL.csproj", "{8F88A06A-E128-4EFD-9BB5-E8FD7AFC0120}"
EndProject
Project("{2150E333-8FDC-42A3-9474-1A3956D46DE8}") = "DataAccessLayer", "DataAccessLayer", "{2371BDC4-39CA-407E-8B7C-5E3A1824BF02}"
EndProject
Project("{2150E333-8FDC-42A3-9474-1A3956D46DE8}") = "Repositories", "Repositories", "{AF961DE8-48C1-4DCD-9CE6-7CFA968D57E4}"
EndProject
Project("{2150E333-8FDC-42A3-9474-1A3956D46DE8}") = "SharedKernal", "SharedKernal", "{3B7387AC-D5E6-439A-8FF3-D966E899F80B}"
EndProject
Project("{2150E333-8FDC-42A3-9474-1A3956D46DE8}") = "UI", "UI", "{0A947C88-B0E8-4CC0-8663-1F6D70AB3E80}"
EndProject
Project("{FAE04EC0-301F-11D3-BF4B-00C04F79EFBC}") = "DBTools", "ClassLibrary1\DBTools.csproj", "{C2FE2DD0-F9C3-4E28-B6D1-FFE216DC83E2}"
EndProject
Project("{FAE04EC0-301F-11D3-BF4B-00C04F79EFBC}") = "Model", "Model\Model.csproj", "{4C350C71-1AB6-4842-9411-5A1E130E0D36}"
EndProject
Project("{FAE04EC0-301F-11D3-BF4B-00C04F79EFBC}") = "Shared", "Shared\Shared.csproj", "{963F4345-559D-4450-90F5-AE78965371E7}"
EndProject
Global
	GlobalSection(SolutionConfigurationPlatforms) = preSolution
		Debug|Any CPU = Debug|Any CPU
		Release|Any CPU = Release|Any CPU
	EndGlobalSection
	GlobalSection(ProjectConfigurationPlatforms) = postSolution
		{8F88A06A-E128-4EFD-9BB5-E8FD7AFC0120}.Debug|Any CPU.ActiveCfg = Debug|Any CPU
		{8F88A06A-E128-4EFD-9BB5-E8FD7AFC0120}.Debug|Any CPU.Build.0 = Debug|Any CPU
		{8F88A06A-E128-4EFD-9BB5-E8FD7AFC0120}.Release|Any CPU.ActiveCfg = Release|Any CPU
		{8F88A06A-E128-4EFD-9BB5-E8FD7AFC0120}.Release|Any CPU.Build.0 = Release|Any CPU
		{C2FE2DD0-F9C3-4E28-B6D1-FFE216DC83E2}.Debug|Any CPU.ActiveCfg = Debug|Any CPU
		{C2FE2DD0-F9C3-4E28-B6D1-FFE216DC83E2}.Debug|Any CPU.Build.0 = Debug|Any CPU
		{C2FE2DD0-F9C3-4E28-B6D1-FFE216DC83E2}.Release|Any CPU.ActiveCfg = Release|Any CPU
		{C2FE2DD0-F9C3-4E28-B6D1-FFE216DC83E2}.Release|Any CPU.Build.0 = Release|Any CPU
		{4C350C71-1AB6-4842-9411-5A1E130E0D36}.Debug|Any CPU.ActiveCfg = Debug|Any CPU
		{4C350C71-1AB6-4842-9411-5A1E130E0D36}.Debug|Any CPU.Build.0 = Debug|Any CPU
		{4C350C71-1AB6-4842-9411-5A1E130E0D36}.Release|Any CPU.ActiveCfg = Release|Any CPU
		{4C350C71-1AB6-4842-9411-5A1E130E0D36}.Release|Any CPU.Build.0 = Release|Any CPU
		{963F4345-559D-4450-90F5-AE78965371E7}.Debug|Any CPU.ActiveCfg = Debug|Any CPU
		{963F4345-559D-4450-90F5-AE78965371E7}.Debug|Any CPU.Build.0 = Debug|Any CPU
		{963F4345-559D-4450-90F5-AE78965371E7}.Release|Any CPU.ActiveCfg = Release|Any CPU
		{963F4345-559D-4450-90F5-AE78965371E7}.Release|Any CPU.Build.0 = Release|Any CPU
	EndGlobalSection
	GlobalSection(SolutionProperties) = preSolution
		HideSolutionNode = FALSE
	EndGlobalSection
	GlobalSection(NestedProjects) = preSolution
		{C2FE2DD0-F9C3-4E28-B6D1-FFE216DC83E2} = {2371BDC4-39CA-407E-8B7C-5E3A1824BF02}
		{4C350C71-1AB6-4842-9411-5A1E130E0D36} = {2371BDC4-39CA-407E-8B7C-5E3A1824BF02}
		{963F4345-559D-4450-90F5-AE78965371E7} = {3B7387AC-D5E6-439A-8FF3-D966E899F80B}
	EndGlobalSection
	GlobalSection(ExtensibilityGlobals) = postSolution
		SolutionGuid = {D2DBB53B-7F43-4487-B103-94E726A54D1B}
	EndGlobalSection
EndGlobal
